
Microsoft Visual Studio Solution File, Format Version 12.00
# Visual Studio Version 17
VisualStudioVersion = 17.14.36408.4 d17.14
MinimumVisualStudioVersion = 10.0.40219.1
Project("{FAE04EC0-301F-11D3-BF4B-00C04F79EFBC}") = "CafeManagement", "CafeManagement\CafeManagement.csproj", "{D20CCD16-D1F5-4235-A815-D1E9F93FC67A}"
EndProject
Global
	GlobalSection(SolutionConfigurationPlatforms) = preSolution
		Debug|Any CPU = Debug|Any CPU
		Release|Any CPU = Release|Any CPU
	EndGlobalSection
	GlobalSection(ProjectConfigurationPlatforms) = postSolution
		{D20CCD16-D1F5-4235-A815-D1E9F93FC67A}.Debug|Any CPU.ActiveCfg = Debug|Any CPU
		{D20CCD16-D1F5-4235-A815-D1E9F93FC67A}.Debug|Any CPU.Build.0 = Debug|Any CPU
		{D20CCD16-D1F5-4235-A815-D1E9F93FC67A}.Release|Any CPU.ActiveCfg = Release|Any CPU
		{D20CCD16-D1F5-4235-A815-D1E9F93FC67A}.Release|Any CPU.Build.0 = Release|Any CPU
	EndGlobalSection
	GlobalSection(SolutionProperties) = preSolution
		HideSolutionNode = FALSE
	EndGlobalSection
	GlobalSection(ExtensibilityGlobals) = postSolution
		SolutionGuid = {96F2C94F-FA3A-418E-9EEC-2316F8BC9999}
	EndGlobalSection
EndGlobal
